
Microsoft Visual Studio Solution File, Format Version 12.00
# Visual Studio 15
VisualStudioVersion = 15.0.27428.2037
MinimumVisualStudioVersion = 10.0.40219.1
Project("{FAE04EC0-301F-11D3-BF4B-00C04F79EFBC}") = "GoogleRecaptcha", "GoogleRecaptcha\GoogleRecaptcha.csproj", "{0AFC4859-0674-4F0C-9391-15A0892B74C3}"
EndProject
Global
	GlobalSection(SolutionConfigurationPlatforms) = preSolution
		Debug|Any CPU = Debug|Any CPU
		Release|Any CPU = Release|Any CPU
	EndGlobalSection
	GlobalSection(ProjectConfigurationPlatforms) = postSolution
		{0AFC4859-0674-4F0C-9391-15A0892B74C3}.Debug|Any CPU.ActiveCfg = Debug|Any CPU
		{0AFC4859-0674-4F0C-9391-15A0892B74C3}.Debug|Any CPU.Build.0 = Debug|Any CPU
		{0AFC4859-0674-4F0C-9391-15A0892B74C3}.Release|Any CPU.ActiveCfg = Release|Any CPU
		{0AFC4859-0674-4F0C-9391-15A0892B74C3}.Release|Any CPU.Build.0 = Release|Any CPU
	EndGlobalSection
	GlobalSection(SolutionProperties) = preSolution
		HideSolutionNode = FALSE
	EndGlobalSection
	GlobalSection(ExtensibilityGlobals) = postSolution
		SolutionGuid = {57CFC677-726B-48A8-8DA0-4064B32163AF}
	EndGlobalSection
EndGlobal
